// !$*UTF8*$!
{
	archiveVersion = 1;
	classes = {
	};
	objectVersion = 50;
	objects = {

/* Begin PBXBuildFile section */
		45BA865F70DEEF98389D1DFC /* Pods_RxValidationSample.framework in Frameworks */ = {isa = PBXBuildFile; fileRef = 5087B00B94F619F0A1F25FE5 /* Pods_RxValidationSample.framework */; };
		9833C03044C3580844BE340A /* Pods_RxValidationSampleTests.framework in Frameworks */ = {isa = PBXBuildFile; fileRef = 843FBA165EF921646D278D2D /* Pods_RxValidationSampleTests.framework */; };
		D1E7D9E322257B25001C383C /* AppDelegate.swift in Sources */ = {isa = PBXBuildFile; fileRef = D1E7D9E222257B25001C383C /* AppDelegate.swift */; };
		D1E7D9E522257B25001C383C /* ViewController.swift in Sources */ = {isa = PBXBuildFile; fileRef = D1E7D9E422257B25001C383C /* ViewController.swift */; };
		D1E7D9E822257B25001C383C /* Main.storyboard in Resources */ = {isa = PBXBuildFile; fileRef = D1E7D9E622257B25001C383C /* Main.storyboard */; };
		D1E7D9EA22257B27001C383C /* Assets.xcassets in Resources */ = {isa = PBXBuildFile; fileRef = D1E7D9E922257B27001C383C /* Assets.xcassets */; };
		D1E7D9ED22257B27001C383C /* LaunchScreen.storyboard in Resources */ = {isa = PBXBuildFile; fileRef = D1E7D9EB22257B27001C383C /* LaunchScreen.storyboard */; };
		D1E7D9F822257B27001C383C /* RxValidationSampleTests.swift in Sources */ = {isa = PBXBuildFile; fileRef = D1E7D9F722257B27001C383C /* RxValidationSampleTests.swift */; };
		D1E7DA0322257CC0001C383C /* Validator.swift in Sources */ = {isa = PBXBuildFile; fileRef = D1E7DA0222257CC0001C383C /* Validator.swift */; };
		D1E7DA0522257D9B001C383C /* ObservableType+Validator.swift in Sources */ = {isa = PBXBuildFile; fileRef = D1E7DA0422257D9B001C383C /* ObservableType+Validator.swift */; };
		D1E7DA082225814C001C383C /* ValidationResult.swift in Sources */ = {isa = PBXBuildFile; fileRef = D1E7DA072225814C001C383C /* ValidationResult.swift */; };
/* End PBXBuildFile section */

/* Begin PBXContainerItemProxy section */
		D1E7D9F422257B27001C383C /* PBXContainerItemProxy */ = {
			isa = PBXContainerItemProxy;
			containerPortal = D1E7D9D722257B25001C383C /* Project object */;
			proxyType = 1;
			remoteGlobalIDString = D1E7D9DE22257B25001C383C;
			remoteInfo = RxValidationSample;
		};
/* End PBXContainerItemProxy section */

/* Begin PBXFileReference section */
		3B90A3CCFF1AC5DFD356C3D3 /* Pods-RxValidationSample.release.xcconfig */ = {isa = PBXFileReference; includeInIndex = 1; lastKnownFileType = text.xcconfig; name = "Pods-RxValidationSample.release.xcconfig"; path = "Pods/Target Support Files/Pods-RxValidationSample/Pods-RxValidationSample.release.xcconfig"; sourceTree = "<group>"; };
		5087B00B94F619F0A1F25FE5 /* Pods_RxValidationSample.framework */ = {isa = PBXFileReference; explicitFileType = wrapper.framework; includeInIndex = 0; path = Pods_RxValidationSample.framework; sourceTree = BUILT_PRODUCTS_DIR; };
		80D46E86CA96A40B186A4F67 /* Pods-RxValidationSampleTests.release.xcconfig */ = {isa = PBXFileReference; includeInIndex = 1; lastKnownFileType = text.xcconfig; name = "Pods-RxValidationSampleTests.release.xcconfig"; path = "Pods/Target Support Files/Pods-RxValidationSampleTests/Pods-RxValidationSampleTests.release.xcconfig"; sourceTree = "<group>"; };
		843FBA165EF921646D278D2D /* Pods_RxValidationSampleTests.framework */ = {isa = PBXFileReference; explicitFileType = wrapper.framework; includeInIndex = 0; path = Pods_RxValidationSampleTests.framework; sourceTree = BUILT_PRODUCTS_DIR; };
		883AB520C393FF3A17A11F98 /* Pods-RxValidationSampleTests.debug.xcconfig */ = {isa = PBXFileReference; includeInIndex = 1; lastKnownFileType = text.xcconfig; name = "Pods-RxValidationSampleTests.debug.xcconfig"; path = "Pods/Target Support Files/Pods-RxValidationSampleTests/Pods-RxValidationSampleTests.debug.xcconfig"; sourceTree = "<group>"; };
		D1E7D9DF22257B25001C383C /* RxValidationSample.app */ = {isa = PBXFileReference; explicitFileType = wrapper.application; includeInIndex = 0; path = RxValidationSample.app; sourceTree = BUILT_PRODUCTS_DIR; };
		D1E7D9E222257B25001C383C /* AppDelegate.swift */ = {isa = PBXFileReference; lastKnownFileType = sourcecode.swift; path = AppDelegate.swift; sourceTree = "<group>"; };
		D1E7D9E422257B25001C383C /* ViewController.swift */ = {isa = PBXFileReference; lastKnownFileType = sourcecode.swift; path = ViewController.swift; sourceTree = "<group>"; };
		D1E7D9E722257B25001C383C /* Base */ = {isa = PBXFileReference; lastKnownFileType = file.storyboard; name = Base; path = Base.lproj/Main.storyboard; sourceTree = "<group>"; };
		D1E7D9E922257B27001C383C /* Assets.xcassets */ = {isa = PBXFileReference; lastKnownFileType = folder.assetcatalog; path = Assets.xcassets; sourceTree = "<group>"; };
		D1E7D9EC22257B27001C383C /* Base */ = {isa = PBXFileReference; lastKnownFileType = file.storyboard; name = Base; path = Base.lproj/LaunchScreen.storyboard; sourceTree = "<group>"; };
		D1E7D9EE22257B27001C383C /* Info.plist */ = {isa = PBXFileReference; lastKnownFileType = text.plist.xml; path = Info.plist; sourceTree = "<group>"; };
		D1E7D9F322257B27001C383C /* RxValidationSampleTests.xctest */ = {isa = PBXFileReference; explicitFileType = wrapper.cfbundle; includeInIndex = 0; path = RxValidationSampleTests.xctest; sourceTree = BUILT_PRODUCTS_DIR; };
		D1E7D9F722257B27001C383C /* RxValidationSampleTests.swift */ = {isa = PBXFileReference; lastKnownFileType = sourcecode.swift; path = RxValidationSampleTests.swift; sourceTree = "<group>"; };
		D1E7D9F922257B27001C383C /* Info.plist */ = {isa = PBXFileReference; lastKnownFileType = text.plist.xml; path = Info.plist; sourceTree = "<group>"; };
		D1E7DA0222257CC0001C383C /* Validator.swift */ = {isa = PBXFileReference; lastKnownFileType = sourcecode.swift; path = Validator.swift; sourceTree = "<group>"; };
		D1E7DA0422257D9B001C383C /* ObservableType+Validator.swift */ = {isa = PBXFileReference; lastKnownFileType = sourcecode.swift; path = "ObservableType+Validator.swift"; sourceTree = "<group>"; };
		D1E7DA072225814C001C383C /* ValidationResult.swift */ = {isa = PBXFileReference; lastKnownFileType = sourcecode.swift; path = ValidationResult.swift; sourceTree = "<group>"; };
		D8144081C8F97D804D6E3B63 /* Pods-RxValidationSample.debug.xcconfig */ = {isa = PBXFileReference; includeInIndex = 1; lastKnownFileType = text.xcconfig; name = "Pods-RxValidationSample.debug.xcconfig"; path = "Pods/Target Support Files/Pods-RxValidationSample/Pods-RxValidationSample.debug.xcconfig"; sourceTree = "<group>"; };
/* End PBXFileReference section */

/* Begin PBXFrameworksBuildPhase section */
		D1E7D9DC22257B25001C383C /* Frameworks */ = {
			isa = PBXFrameworksBuildPhase;
			buildActionMask = 2147483647;
			files = (
				45BA865F70DEEF98389D1DFC /* Pods_RxValidationSample.framework in Frameworks */,
			);
			runOnlyForDeploymentPostprocessing = 0;
		};
		D1E7D9F022257B27001C383C /* Frameworks */ = {
			isa = PBXFrameworksBuildPhase;
			buildActionMask = 2147483647;
			files = (
				9833C03044C3580844BE340A /* Pods_RxValidationSampleTests.framework in Frameworks */,
			);
			runOnlyForDeploymentPostprocessing = 0;
		};
/* End PBXFrameworksBuildPhase section */

/* Begin PBXGroup section */
		07FCB711C30F34FD84F0D88D /* Frameworks */ = {
			isa = PBXGroup;
			children = (
				5087B00B94F619F0A1F25FE5 /* Pods_RxValidationSample.framework */,
				843FBA165EF921646D278D2D /* Pods_RxValidationSampleTests.framework */,
			);
			name = Frameworks;
			sourceTree = "<group>";
		};
		C35C96CAFEBADC99001C296C /* Pods */ = {
			isa = PBXGroup;
			children = (
				D8144081C8F97D804D6E3B63 /* Pods-RxValidationSample.debug.xcconfig */,
				3B90A3CCFF1AC5DFD356C3D3 /* Pods-RxValidationSample.release.xcconfig */,
				883AB520C393FF3A17A11F98 /* Pods-RxValidationSampleTests.debug.xcconfig */,
				80D46E86CA96A40B186A4F67 /* Pods-RxValidationSampleTests.release.xcconfig */,
			);
			name = Pods;
			sourceTree = "<group>";
		};
		D1E7D9D622257B25001C383C = {
			isa = PBXGroup;
			children = (
				D1E7D9E122257B25001C383C /* RxValidationSample */,
				D1E7D9F622257B27001C383C /* RxValidationSampleTests */,
				D1E7D9E022257B25001C383C /* Products */,
				C35C96CAFEBADC99001C296C /* Pods */,
				07FCB711C30F34FD84F0D88D /* Frameworks */,
			);
			sourceTree = "<group>";
		};
		D1E7D9E022257B25001C383C /* Products */ = {
			isa = PBXGroup;
			children = (
				D1E7D9DF22257B25001C383C /* RxValidationSample.app */,
				D1E7D9F322257B27001C383C /* RxValidationSampleTests.xctest */,
			);
			name = Products;
			sourceTree = "<group>";
		};
		D1E7D9E122257B25001C383C /* RxValidationSample */ = {
			isa = PBXGroup;
			children = (
				D1E7DA0622258126001C383C /* Validator */,
				D1E7D9E222257B25001C383C /* AppDelegate.swift */,
				D1E7D9E422257B25001C383C /* ViewController.swift */,
				D1E7D9E622257B25001C383C /* Main.storyboard */,
				D1E7D9E922257B27001C383C /* Assets.xcassets */,
				D1E7D9EB22257B27001C383C /* LaunchScreen.storyboard */,
				D1E7D9EE22257B27001C383C /* Info.plist */,
			);
			path = RxValidationSample;
			sourceTree = "<group>";
		};
		D1E7D9F622257B27001C383C /* RxValidationSampleTests */ = {
			isa = PBXGroup;
			children = (
				D1E7D9F722257B27001C383C /* RxValidationSampleTests.swift */,
				D1E7D9F922257B27001C383C /* Info.plist */,
			);
			path = RxValidationSampleTests;
			sourceTree = "<group>";
		};
		D1E7DA0622258126001C383C /* Validator */ = {
			isa = PBXGroup;
			children = (
				D1E7DA0422257D9B001C383C /* ObservableType+Validator.swift */,
				D1E7DA072225814C001C383C /* ValidationResult.swift */,
				D1E7DA0222257CC0001C383C /* Validator.swift */,
			);
			path = Validator;
			sourceTree = "<group>";
		};
/* End PBXGroup section */

/* Begin PBXNativeTarget section */
		D1E7D9DE22257B25001C383C /* RxValidationSample */ = {
			isa = PBXNativeTarget;
			buildConfigurationList = D1E7D9FC22257B27001C383C /* Build configuration list for PBXNativeTarget "RxValidationSample" */;
			buildPhases = (
				9E9F64C2F0608432B189BE7B /* [CP] Check Pods Manifest.lock */,
				D1E7D9DB22257B25001C383C /* Sources */,
				D1E7D9DC22257B25001C383C /* Frameworks */,
				D1E7D9DD22257B25001C383C /* Resources */,
				8D5E6581A5ACBE6E20B4B7D7 /* [CP] Embed Pods Frameworks */,
			);
			buildRules = (
			);
			dependencies = (
			);
			name = RxValidationSample;
			productName = RxValidationSample;
			productReference = D1E7D9DF22257B25001C383C /* RxValidationSample.app */;
			productType = "com.apple.product-type.application";
		};
		D1E7D9F222257B27001C383C /* RxValidationSampleTests */ = {
			isa = PBXNativeTarget;
			buildConfigurationList = D1E7D9FF22257B27001C383C /* Build configuration list for PBXNativeTarget "RxValidationSampleTests" */;
			buildPhases = (
				F540F0353B0459798DB82D6D /* [CP] Check Pods Manifest.lock */,
				D1E7D9EF22257B27001C383C /* Sources */,
				D1E7D9F022257B27001C383C /* Frameworks */,
				D1E7D9F122257B27001C383C /* Resources */,
			);
			buildRules = (
			);
			dependencies = (
				D1E7D9F522257B27001C383C /* PBXTargetDependency */,
			);
			name = RxValidationSampleTests;
			productName = RxValidationSampleTests;
			productReference = D1E7D9F322257B27001C383C /* RxValidationSampleTests.xctest */;
			productType = "com.apple.product-type.bundle.unit-test";
		};
/* End PBXNativeTarget section */

/* Begin PBXProject section */
		D1E7D9D722257B25001C383C /* Project object */ = {
			isa = PBXProject;
			attributes = {
				LastSwiftUpdateCheck = 1010;
				LastUpgradeCheck = 1010;
				ORGANIZATIONNAME = "Yuto Yazaki";
				TargetAttributes = {
					D1E7D9DE22257B25001C383C = {
						CreatedOnToolsVersion = 10.1;
					};
					D1E7D9F222257B27001C383C = {
						CreatedOnToolsVersion = 10.1;
						TestTargetID = D1E7D9DE22257B25001C383C;
					};
				};
			};
			buildConfigurationList = D1E7D9DA22257B25001C383C /* Build configuration list for PBXProject "RxValidationSample" */;
			compatibilityVersion = "Xcode 9.3";
			developmentRegion = en;
			hasScannedForEncodings = 0;
			knownRegions = (
				en,
				Base,
			);
			mainGroup = D1E7D9D622257B25001C383C;
			productRefGroup = D1E7D9E022257B25001C383C /* Products */;
			projectDirPath = "";
			projectRoot = "";
			targets = (
				D1E7D9DE22257B25001C383C /* RxValidationSample */,
				D1E7D9F222257B27001C383C /* RxValidationSampleTests */,
			);
		};
/* End PBXProject section */

/* Begin PBXResourcesBuildPhase section */
		D1E7D9DD22257B25001C383C /* Resources */ = {
			isa = PBXResourcesBuildPhase;
			buildActionMask = 2147483647;
			files = (
				D1E7D9ED22257B27001C383C /* LaunchScreen.storyboard in Resources */,
				D1E7D9EA22257B27001C383C /* Assets.xcassets in Resources */,
				D1E7D9E822257B25001C383C /* Main.storyboard in Resources */,
			);
			runOnlyForDeploymentPostprocessing = 0;
		};
		D1E7D9F122257B27001C383C /* Resources */ = {
			isa = PBXResourcesBuildPhase;
			buildActionMask = 2147483647;
			files = (
			);
			runOnlyForDeploymentPostprocessing = 0;
		};
/* End PBXResourcesBuildPhase section */

/* Begin PBXShellScriptBuildPhase section */
		8D5E6581A5ACBE6E20B4B7D7 /* [CP] Embed Pods Frameworks */ = {
			isa = PBXShellScriptBuildPhase;
			buildActionMask = 2147483647;
			files = (
			);
			inputFileListPaths = (
			);
			inputPaths = (
				"${SRCROOT}/Pods/Target Support Files/Pods-RxValidationSample/Pods-RxValidationSample-frameworks.sh",
				"${BUILT_PRODUCTS_DIR}/RxAtomic/RxAtomic.framework",
				"${BUILT_PRODUCTS_DIR}/RxCocoa/RxCocoa.framework",
				"${BUILT_PRODUCTS_DIR}/RxSwift/RxSwift.framework",
			);
			name = "[CP] Embed Pods Frameworks";
			outputFileListPaths = (
			);
			outputPaths = (
				"${TARGET_BUILD_DIR}/${FRAMEWORKS_FOLDER_PATH}/RxAtomic.framework",
				"${TARGET_BUILD_DIR}/${FRAMEWORKS_FOLDER_PATH}/RxCocoa.framework",
				"${TARGET_BUILD_DIR}/${FRAMEWORKS_FOLDER_PATH}/RxSwift.framework",
			);
			runOnlyForDeploymentPostprocessing = 0;
			shellPath = /bin/sh;
			shellScript = "\"${SRCROOT}/Pods/Target Support Files/Pods-RxValidationSample/Pods-RxValidationSample-frameworks.sh\"\n";
			showEnvVarsInLog = 0;
		};
		9E9F64C2F0608432B189BE7B /* [CP] Check Pods Manifest.lock */ = {
			isa = PBXShellScriptBuildPhase;
			buildActionMask = 2147483647;
			files = (
			);
			inputFileListPaths = (
			);
			inputPaths = (
				"${PODS_PODFILE_DIR_PATH}/Podfile.lock",
				"${PODS_ROOT}/Manifest.lock",
			);
			name = "[CP] Check Pods Manifest.lock";
			outputFileListPaths = (
			);
			outputPaths = (
				"$(DERIVED_FILE_DIR)/Pods-RxValidationSample-checkManifestLockResult.txt",
			);
			runOnlyForDeploymentPostprocessing = 0;
			shellPath = /bin/sh;
			shellScript = "diff \"${PODS_PODFILE_DIR_PATH}/Podfile.lock\" \"${PODS_ROOT}/Manifest.lock\" > /dev/null\nif [ $? != 0 ] ; then\n    # print error to STDERR\n    echo \"error: The sandbox is not in sync with the Podfile.lock. Run 'pod install' or update your CocoaPods installation.\" >&2\n    exit 1\nfi\n# This output is used by Xcode 'outputs' to avoid re-running this script phase.\necho \"SUCCESS\" > \"${SCRIPT_OUTPUT_FILE_0}\"\n";
			showEnvVarsInLog = 0;
		};
		F540F0353B0459798DB82D6D /* [CP] Check Pods Manifest.lock */ = {
			isa = PBXShellScriptBuildPhase;
			buildActionMask = 2147483647;
			files = (
			);
			inputFileListPaths = (
			);
			inputPaths = (
				"${PODS_PODFILE_DIR_PATH}/Podfile.lock",
				"${PODS_ROOT}/Manifest.lock",
			);
			name = "[CP] Check Pods Manifest.lock";
			outputFileListPaths = (
			);
			outputPaths = (
				"$(DERIVED_FILE_DIR)/Pods-RxValidationSampleTests-checkManifestLockResult.txt",
			);
			runOnlyForDeploymentPostprocessing = 0;
			shellPath = /bin/sh;
			shellScript = "diff \"${PODS_PODFILE_DIR_PATH}/Podfile.lock\" \"${PODS_ROOT}/Manifest.lock\" > /dev/null\nif [ $? != 0 ] ; then\n    # print error to STDERR\n    echo \"error: The sandbox is not in sync with the Podfile.lock. Run 'pod install' or update your CocoaPods installation.\" >&2\n    exit 1\nfi\n# This output is used by Xcode 'outputs' to avoid re-running this script phase.\necho \"SUCCESS\" > \"${SCRIPT_OUTPUT_FILE_0}\"\n";
			showEnvVarsInLog = 0;
		};
/* End PBXShellScriptBuildPhase section */

/* Begin PBXSourcesBuildPhase section */
		D1E7D9DB22257B25001C383C /* Sources */ = {
			isa = PBXSourcesBuildPhase;
			buildActionMask = 2147483647;
			files = (
				D1E7DA0522257D9B001C383C /* ObservableType+Validator.swift in Sources */,
				D1E7D9E522257B25001C383C /* ViewController.swift in Sources */,
				D1E7DA082225814C001C383C /* ValidationResult.swift in Sources */,
				D1E7DA0322257CC0001C383C /* Validator.swift in Sources */,
				D1E7D9E322257B25001C383C /* AppDelegate.swift in Sources */,
			);
			runOnlyForDeploymentPostprocessing = 0;
		};
		D1E7D9EF22257B27001C383C /* Sources */ = {
			isa = PBXSourcesBuildPhase;
			buildActionMask = 2147483647;
			files = (
				D1E7D9F822257B27001C383C /* RxValidationSampleTests.swift in Sources */,
			);
			runOnlyForDeploymentPostprocessing = 0;
		};
/* End PBXSourcesBuildPhase section */

/* Begin PBXTargetDependency section */
		D1E7D9F522257B27001C383C /* PBXTargetDependency */ = {
			isa = PBXTargetDependency;
			target = D1E7D9DE22257B25001C383C /* RxValidationSample */;
			targetProxy = D1E7D9F422257B27001C383C /* PBXContainerItemProxy */;
		};
/* End PBXTargetDependency section */

/* Begin PBXVariantGroup section */
		D1E7D9E622257B25001C383C /* Main.storyboard */ = {
			isa = PBXVariantGroup;
			children = (
				D1E7D9E722257B25001C383C /* Base */,
			);
			name = Main.storyboard;
			sourceTree = "<group>";
		};
		D1E7D9EB22257B27001C383C /* LaunchScreen.storyboard */ = {
			isa = PBXVariantGroup;
			children = (
				D1E7D9EC22257B27001C383C /* Base */,
			);
			name = LaunchScreen.storyboard;
			sourceTree = "<group>";
		};
/* End PBXVariantGroup section */

/* Begin XCBuildConfiguration section */
		D1E7D9FA22257B27001C383C /* Debug */ = {
			isa = XCBuildConfiguration;
			buildSettings = {
				ALWAYS_SEARCH_USER_PATHS = NO;
				CLANG_ANALYZER_NONNULL = YES;
				CLANG_ANALYZER_NUMBER_OBJECT_CONVERSION = YES_AGGRESSIVE;
				CLANG_CXX_LANGUAGE_STANDARD = "gnu++14";
				CLANG_CXX_LIBRARY = "libc++";
				CLANG_ENABLE_MODULES = YES;
				CLANG_ENABLE_OBJC_ARC = YES;
				CLANG_ENABLE_OBJC_WEAK = YES;
				CLANG_WARN_BLOCK_CAPTURE_AUTORELEASING = YES;
				CLANG_WARN_BOOL_CONVERSION = YES;
				CLANG_WARN_COMMA = YES;
				CLANG_WARN_CONSTANT_CONVERSION = YES;
				CLANG_WARN_DEPRECATED_OBJC_IMPLEMENTATIONS = YES;
				CLANG_WARN_DIRECT_OBJC_ISA_USAGE = YES_ERROR;
				CLANG_WARN_DOCUMENTATION_COMMENTS = YES;
				CLANG_WARN_EMPTY_BODY = YES;
				CLANG_WARN_ENUM_CONVERSION = YES;
				CLANG_WARN_INFINITE_RECURSION = YES;
				CLANG_WARN_INT_CONVERSION = YES;
				CLANG_WARN_NON_LITERAL_NULL_CONVERSION = YES;
				CLANG_WARN_OBJC_IMPLICIT_RETAIN_SELF = YES;
				CLANG_WARN_OBJC_LITERAL_CONVERSION = YES;
				CLANG_WARN_OBJC_ROOT_CLASS = YES_ERROR;
				CLANG_WARN_RANGE_LOOP_ANALYSIS = YES;
				CLANG_WARN_STRICT_PROTOTYPES = YES;
				CLANG_WARN_SUSPICIOUS_MOVE = YES;
				CLANG_WARN_UNGUARDED_AVAILABILITY = YES_AGGRESSIVE;
				CLANG_WARN_UNREACHABLE_CODE = YES;
				CLANG_WARN__DUPLICATE_METHOD_MATCH = YES;
				CODE_SIGN_IDENTITY = "iPhone Developer";
				COPY_PHASE_STRIP = NO;
				DEBUG_INFORMATION_FORMAT = dwarf;
				ENABLE_STRICT_OBJC_MSGSEND = YES;
				ENABLE_TESTABILITY = YES;
				GCC_C_LANGUAGE_STANDARD = gnu11;
				GCC_DYNAMIC_NO_PIC = NO;
				GCC_NO_COMMON_BLOCKS = YES;
				GCC_OPTIMIZATION_LEVEL = 0;
				GCC_PREPROCESSOR_DEFINITIONS = (
					"DEBUG=1",
					"$(inherited)",
				);
				GCC_WARN_64_TO_32_BIT_CONVERSION = YES;
				GCC_WARN_ABOUT_RETURN_TYPE = YES_ERROR;
				GCC_WARN_UNDECLARED_SELECTOR = YES;
				GCC_WARN_UNINITIALIZED_AUTOS = YES_AGGRESSIVE;
				GCC_WARN_UNUSED_FUNCTION = YES;
				GCC_WARN_UNUSED_VARIABLE = YES;
				IPHONEOS_DEPLOYMENT_TARGET = 12.1;
				MTL_ENABLE_DEBUG_INFO = INCLUDE_SOURCE;
				MTL_FAST_MATH = YES;
				ONLY_ACTIVE_ARCH = YES;
				SDKROOT = iphoneos;
				SWIFT_ACTIVE_COMPILATION_CONDITIONS = DEBUG;
				SWIFT_OPTIMIZATION_LEVEL = "-Onone";
			};
			name = Debug;
		};
		D1E7D9FB22257B27001C383C /* Release */ = {
			isa = XCBuildConfiguration;
			buildSettings = {
				ALWAYS_SEARCH_USER_PATHS = NO;
				CLANG_ANALYZER_NONNULL = YES;
				CLANG_ANALYZER_NUMBER_OBJECT_CONVERSION = YES_AGGRESSIVE;
				CLANG_CXX_LANGUAGE_STANDARD = "gnu++14";
				CLANG_CXX_LIBRARY = "libc++";
				CLANG_ENABLE_MODULES = YES;
				CLANG_ENABLE_OBJC_ARC = YES;
				CLANG_ENABLE_OBJC_WEAK = YES;
				CLANG_WARN_BLOCK_CAPTURE_AUTORELEASING = YES;
				CLANG_WARN_BOOL_CONVERSION = YES;
				CLANG_WARN_COMMA = YES;
				CLANG_WARN_CONSTANT_CONVERSION = YES;
				CLANG_WARN_DEPRECATED_OBJC_IMPLEMENTATIONS = YES;
				CLANG_WARN_DIRECT_OBJC_ISA_USAGE = YES_ERROR;
				CLANG_WARN_DOCUMENTATION_COMMENTS = YES;
				CLANG_WARN_EMPTY_BODY = YES;
				CLANG_WARN_ENUM_CONVERSION = YES;
				CLANG_WARN_INFINITE_RECURSION = YES;
				CLANG_WARN_INT_CONVERSION = YES;
				CLANG_WARN_NON_LITERAL_NULL_CONVERSION = YES;
				CLANG_WARN_OBJC_IMPLICIT_RETAIN_SELF = YES;
				CLANG_WARN_OBJC_LITERAL_CONVERSION = YES;
				CLANG_WARN_OBJC_ROOT_CLASS = YES_ERROR;
				CLANG_WARN_RANGE_LOOP_ANALYSIS = YES;
				CLANG_WARN_STRICT_PROTOTYPES = YES;
				CLANG_WARN_SUSPICIOUS_MOVE = YES;
				CLANG_WARN_UNGUARDED_AVAILABILITY = YES_AGGRESSIVE;
				CLANG_WARN_UNREACHABLE_CODE = YES;
				CLANG_WARN__DUPLICATE_METHOD_MATCH = YES;
				CODE_SIGN_IDENTITY = "iPhone Developer";
				COPY_PHASE_STRIP = NO;
				DEBUG_INFORMATION_FORMAT = "dwarf-with-dsym";
				ENABLE_NS_ASSERTIONS = NO;
				ENABLE_STRICT_OBJC_MSGSEND = YES;
				GCC_C_LANGUAGE_STANDARD = gnu11;
				GCC_NO_COMMON_BLOCKS = YES;
				GCC_WARN_64_TO_32_BIT_CONVERSION = YES;
				GCC_WARN_ABOUT_RETURN_TYPE = YES_ERROR;
				GCC_WARN_UNDECLARED_SELECTOR = YES;
				GCC_WARN_UNINITIALIZED_AUTOS = YES_AGGRESSIVE;
				GCC_WARN_UNUSED_FUNCTION = YES;
				GCC_WARN_UNUSED_VARIABLE = YES;
				IPHONEOS_DEPLOYMENT_TARGET = 12.1;
				MTL_ENABLE_DEBUG_INFO = NO;
				MTL_FAST_MATH = YES;
				SDKROOT = iphoneos;
				SWIFT_COMPILATION_MODE = wholemodule;
				SWIFT_OPTIMIZATION_LEVEL = "-O";
				VALIDATE_PRODUCT = YES;
			};
			name = Release;
		};
		D1E7D9FD22257B27001C383C /* Debug */ = {
			isa = XCBuildConfiguration;
			baseConfigurationReference = D8144081C8F97D804D6E3B63 /* Pods-RxValidationSample.debug.xcconfig */;
			buildSettings = {
				ASSETCATALOG_COMPILER_APPICON_NAME = AppIcon;
				CODE_SIGN_STYLE = Automatic;
				INFOPLIST_FILE = RxValidationSample/Info.plist;
				LD_RUNPATH_SEARCH_PATHS = (
					"$(inherited)",
					"@executable_path/Frameworks",
				);
				PRODUCT_BUNDLE_IDENTIFIER = com.example.RxValidationSample;
				PRODUCT_NAME = "$(TARGET_NAME)";
				SWIFT_VERSION = 4.2;
				TARGETED_DEVICE_FAMILY = "1,2";
			};
			name = Debug;
		};
		D1E7D9FE22257B27001C383C /* Release */ = {
			isa = XCBuildConfiguration;
			baseConfigurationReference = 3B90A3CCFF1AC5DFD356C3D3 /* Pods-RxValidationSample.release.xcconfig */;
			buildSettings = {
				ASSETCATALOG_COMPILER_APPICON_NAME = AppIcon;
				CODE_SIGN_STYLE = Automatic;
				INFOPLIST_FILE = RxValidationSample/Info.plist;
				LD_RUNPATH_SEARCH_PATHS = (
					"$(inherited)",
					"@executable_path/Frameworks",
				);
				PRODUCT_BUNDLE_IDENTIFIER = com.example.RxValidationSample;
				PRODUCT_NAME = "$(TARGET_NAME)";
				SWIFT_VERSION = 4.2;
				TARGETED_DEVICE_FAMILY = "1,2";
			};
			name = Release;
		};
		D1E7DA0022257B27001C383C /* Debug */ = {
			isa = XCBuildConfiguration;
			baseConfigurationReference = 883AB520C393FF3A17A11F98 /* Pods-RxValidationSampleTests.debug.xcconfig */;
			buildSettings = {
				ALWAYS_EMBED_SWIFT_STANDARD_LIBRARIES = YES;
				BUNDLE_LOADER = "$(TEST_HOST)";
				CODE_SIGN_STYLE = Automatic;
				INFOPLIST_FILE = RxValidationSampleTests/Info.plist;
				LD_RUNPATH_SEARCH_PATHS = (
					"$(inherited)",
					"@executable_path/Frameworks",
					"@loader_path/Frameworks",
				);
				PRODUCT_BUNDLE_IDENTIFIER = com.example.RxValidationSampleTests;
				PRODUCT_NAME = "$(TARGET_NAME)";
				SWIFT_VERSION = 4.2;
				TARGETED_DEVICE_FAMILY = "1,2";
				TEST_HOST = "$(BUILT_PRODUCTS_DIR)/RxValidationSample.app/RxValidationSample";
			};
			name = Debug;
		};
		D1E7DA0122257B27001C383C /* Release */ = {
			isa = XCBuildConfiguration;
			baseConfigurationReference = 80D46E86CA96A40B186A4F67 /* Pods-RxValidationSampleTests.release.xcconfig */;
			buildSettings = {
				ALWAYS_EMBED_SWIFT_STANDARD_LIBRARIES = YES;
				BUNDLE_LOADER = "$(TEST_HOST)";
				CODE_SIGN_STYLE = Automatic;
				INFOPLIST_FILE = RxValidationSampleTests/Info.plist;
				LD_RUNPATH_SEARCH_PATHS = (
					"$(inherited)",
					"@executable_path/Frameworks",
					"@loader_path/Frameworks",
				);
				PRODUCT_BUNDLE_IDENTIFIER = com.example.RxValidationSampleTests;
				PRODUCT_NAME = "$(TARGET_NAME)";
				SWIFT_VERSION = 4.2;
				TARGETED_DEVICE_FAMILY = "1,2";
				TEST_HOST = "$(BUILT_PRODUCTS_DIR)/RxValidationSample.app/RxValidationSample";
			};
			name = Release;
		};
/* End XCBuildConfiguration section */

/* Begin XCConfigurationList section */
		D1E7D9DA22257B25001C383C /* Build configuration list for PBXProject "RxValidationSample" */ = {
			isa = XCConfigurationList;
			buildConfigurations = (
				D1E7D9FA22257B27001C383C /* Debug */,
				D1E7D9FB22257B27001C383C /* Release */,
			);
			defaultConfigurationIsVisible = 0;
			defaultConfigurationName = Release;
		};
		D1E7D9FC22257B27001C383C /* Build configuration list for PBXNativeTarget "RxValidationSample" */ = {
			isa = XCConfigurationList;
			buildConfigurations = (
				D1E7D9FD22257B27001C383C /* Debug */,
				D1E7D9FE22257B27001C383C /* Release */,
			);
			defaultConfigurationIsVisible = 0;
			defaultConfigurationName = Release;
		};
		D1E7D9FF22257B27001C383C /* Build configuration list for PBXNativeTarget "RxValidationSampleTests" */ = {
			isa = XCConfigurationList;
			buildConfigurations = (
				D1E7DA0022257B27001C383C /* Debug */,
				D1E7DA0122257B27001C383C /* Release */,
			);
			defaultConfigurationIsVisible = 0;
			defaultConfigurationName = Release;
		};
/* End XCConfigurationList section */
	};
	rootObject = D1E7D9D722257B25001C383C /* Project object */;
}
